
Microsoft Visual Studio Solution File, Format Version 12.00
# Visual Studio Version 17
VisualStudioVersion = 17.0.32014.148
MinimumVisualStudioVersion = 10.0.40219.1
Project("{FAE04EC0-301F-11D3-BF4B-00C04F79EFBC}") = "CashConvert", "CashConvert\CashConvert.csproj", "{A268DCF0-469E-4C38-9E26-BCF6C7DAF493}"
EndProject
Global
	GlobalSection(SolutionConfigurationPlatforms) = preSolution
		Debug|Any CPU = Debug|Any CPU
		Release|Any CPU = Release|Any CPU
	EndGlobalSection
	GlobalSection(ProjectConfigurationPlatforms) = postSolution
		{A268DCF0-469E-4C38-9E26-BCF6C7DAF493}.Debug|Any CPU.ActiveCfg = Debug|Any CPU
		{A268DCF0-469E-4C38-9E26-BCF6C7DAF493}.Debug|Any CPU.Build.0 = Debug|Any CPU
		{A268DCF0-469E-4C38-9E26-BCF6C7DAF493}.Release|Any CPU.ActiveCfg = Release|Any CPU
		{A268DCF0-469E-4C38-9E26-BCF6C7DAF493}.Release|Any CPU.Build.0 = Release|Any CPU
	EndGlobalSection
	GlobalSection(SolutionProperties) = preSolution
		HideSolutionNode = FALSE
	EndGlobalSection
	GlobalSection(ExtensibilityGlobals) = postSolution
		SolutionGuid = {BEE7B83D-48C8-4427-89AB-3909A2580B65}
	EndGlobalSection
EndGlobal
